
Microsoft Visual Studio Solution File, Format Version 12.00
# Visual Studio Version 17
VisualStudioVersion = 17.1.32319.34
MinimumVisualStudioVersion = 10.0.40219.1
Project("{FAE04EC0-301F-11D3-BF4B-00C04F79EFBC}") = "HospitalMS", "HospitalMS\HospitalMS.csproj", "{B3C916C9-AAB8-4952-A8DD-42200A7D6789}"
EndProject
Global
	GlobalSection(SolutionConfigurationPlatforms) = preSolution
		Debug|Any CPU = Debug|Any CPU
		Release|Any CPU = Release|Any CPU
	EndGlobalSection
	GlobalSection(ProjectConfigurationPlatforms) = postSolution
		{B3C916C9-AAB8-4952-A8DD-42200A7D6789}.Debug|Any CPU.ActiveCfg = Debug|Any CPU
		{B3C916C9-AAB8-4952-A8DD-42200A7D6789}.Debug|Any CPU.Build.0 = Debug|Any CPU
		{B3C916C9-AAB8-4952-A8DD-42200A7D6789}.Release|Any CPU.ActiveCfg = Release|Any CPU
		{B3C916C9-AAB8-4952-A8DD-42200A7D6789}.Release|Any CPU.Build.0 = Release|Any CPU
	EndGlobalSection
	GlobalSection(SolutionProperties) = preSolution
		HideSolutionNode = FALSE
	EndGlobalSection
	GlobalSection(ExtensibilityGlobals) = postSolution
		SolutionGuid = {ADB58CC4-7F83-499C-99CB-B96876360194}
	EndGlobalSection
EndGlobal
